
Microsoft Visual Studio Solution File, Format Version 12.00
# Visual Studio Version 17
VisualStudioVersion = 17.8.34408.163
MinimumVisualStudioVersion = 10.0.40219.1
Project("{FAE04EC0-301F-11D3-BF4B-00C04F79EFBC}") = "C# - FolderBrowserDialog", "C# - FolderBrowserDialog\C# - FolderBrowserDialog.csproj", "{C485BDD6-1153-497B-847D-7B03C0E03C56}"
EndProject
Global
	GlobalSection(SolutionConfigurationPlatforms) = preSolution
		Debug|Any CPU = Debug|Any CPU
		Release|Any CPU = Release|Any CPU
	EndGlobalSection
	GlobalSection(ProjectConfigurationPlatforms) = postSolution
		{C485BDD6-1153-497B-847D-7B03C0E03C56}.Debug|Any CPU.ActiveCfg = Debug|Any CPU
		{C485BDD6-1153-497B-847D-7B03C0E03C56}.Debug|Any CPU.Build.0 = Debug|Any CPU
		{C485BDD6-1153-497B-847D-7B03C0E03C56}.Release|Any CPU.ActiveCfg = Release|Any CPU
		{C485BDD6-1153-497B-847D-7B03C0E03C56}.Release|Any CPU.Build.0 = Release|Any CPU
	EndGlobalSection
	GlobalSection(SolutionProperties) = preSolution
		HideSolutionNode = FALSE
	EndGlobalSection
	GlobalSection(ExtensibilityGlobals) = postSolution
		SolutionGuid = {FC484CAA-0268-44BC-97A4-3F4235C3450C}
	EndGlobalSection
EndGlobal
